
Microsoft Visual Studio Solution File, Format Version 12.00
# Visual Studio Version 17
VisualStudioVersion = 17.0.31903.59
MinimumVisualStudioVersion = 10.0.40219.1
Project("{FAE04EC0-301F-11D3-BF4B-00C04F79EFBC}") = "ExpennyApi", "ExpennyApi\ExpennyApi.csproj", "{7B14E583-DFA3-46CC-BA34-8C192180572D}"
EndProject
Project("{FAE04EC0-301F-11D3-BF4B-00C04F79EFBC}") = "ExpennyApi.Tests", "ExpennyApi.Tests\ExpennyApi.Tests.csproj", "{23AB7B65-A889-4023-9D64-1B283D2716D0}"
EndProject
Global
	GlobalSection(SolutionConfigurationPlatforms) = preSolution
		Debug|Any CPU = Debug|Any CPU
		Debug|x64 = Debug|x64
		Debug|x86 = Debug|x86
		Release|Any CPU = Release|Any CPU
		Release|x64 = Release|x64
		Release|x86 = Release|x86
	EndGlobalSection
	GlobalSection(ProjectConfigurationPlatforms) = postSolution
		{7B14E583-DFA3-46CC-BA34-8C192180572D}.Debug|Any CPU.ActiveCfg = Debug|Any CPU
		{7B14E583-DFA3-46CC-BA34-8C192180572D}.Debug|Any CPU.Build.0 = Debug|Any CPU
		{7B14E583-DFA3-46CC-BA34-8C192180572D}.Debug|x64.ActiveCfg = Debug|Any CPU
		{7B14E583-DFA3-46CC-BA34-8C192180572D}.Debug|x64.Build.0 = Debug|Any CPU
		{7B14E583-DFA3-46CC-BA34-8C192180572D}.Debug|x86.ActiveCfg = Debug|Any CPU
		{7B14E583-DFA3-46CC-BA34-8C192180572D}.Debug|x86.Build.0 = Debug|Any CPU
		{7B14E583-DFA3-46CC-BA34-8C192180572D}.Release|Any CPU.ActiveCfg = Release|Any CPU
		{7B14E583-DFA3-46CC-BA34-8C192180572D}.Release|Any CPU.Build.0 = Release|Any CPU
		{7B14E583-DFA3-46CC-BA34-8C192180572D}.Release|x64.ActiveCfg = Release|Any CPU
		{7B14E583-DFA3-46CC-BA34-8C192180572D}.Release|x64.Build.0 = Release|Any CPU
		{7B14E583-DFA3-46CC-BA34-8C192180572D}.Release|x86.ActiveCfg = Release|Any CPU
		{7B14E583-DFA3-46CC-BA34-8C192180572D}.Release|x86.Build.0 = Release|Any CPU
		{23AB7B65-A889-4023-9D64-1B283D2716D0}.Debug|Any CPU.ActiveCfg = Debug|Any CPU
		{23AB7B65-A889-4023-9D64-1B283D2716D0}.Debug|Any CPU.Build.0 = Debug|Any CPU
		{23AB7B65-A889-4023-9D64-1B283D2716D0}.Debug|x64.ActiveCfg = Debug|Any CPU
		{23AB7B65-A889-4023-9D64-1B283D2716D0}.Debug|x64.Build.0 = Debug|Any CPU
		{23AB7B65-A889-4023-9D64-1B283D2716D0}.Debug|x86.ActiveCfg = Debug|Any CPU
		{23AB7B65-A889-4023-9D64-1B283D2716D0}.Debug|x86.Build.0 = Debug|Any CPU
		{23AB7B65-A889-4023-9D64-1B283D2716D0}.Release|Any CPU.ActiveCfg = Release|Any CPU
		{23AB7B65-A889-4023-9D64-1B283D2716D0}.Release|Any CPU.Build.0 = Release|Any CPU
		{23AB7B65-A889-4023-9D64-1B283D2716D0}.Release|x64.ActiveCfg = Release|Any CPU
		{23AB7B65-A889-4023-9D64-1B283D2716D0}.Release|x64.Build.0 = Release|Any CPU
		{23AB7B65-A889-4023-9D64-1B283D2716D0}.Release|x86.ActiveCfg = Release|Any CPU
		{23AB7B65-A889-4023-9D64-1B283D2716D0}.Release|x86.Build.0 = Release|Any CPU
	EndGlobalSection
	GlobalSection(SolutionProperties) = preSolution
		HideSolutionNode = FALSE
	EndGlobalSection
EndGlobal
